// !$*UTF8*$!
{
	archiveVersion = 1;
	classes = {
	};
	objectVersion = 46;
	objects = {

/* Begin PBXBuildFile section */
		0C1C6384F0E8FE812D6D8F88 /* Pods.framework in Frameworks */ = {isa = PBXBuildFile; fileRef = 18C3776E01C97755587A0939 /* Pods.framework */; };
		110D756E1B26CB620079273E /* AppDelegate.swift in Sources */ = {isa = PBXBuildFile; fileRef = 110D756D1B26CB620079273E /* AppDelegate.swift */; };
		110D75701B26CB620079273E /* SignInViewController.swift in Sources */ = {isa = PBXBuildFile; fileRef = 110D756F1B26CB620079273E /* SignInViewController.swift */; };
		110D75731B26CB620079273E /* Main.storyboard in Resources */ = {isa = PBXBuildFile; fileRef = 110D75711B26CB620079273E /* Main.storyboard */; };
		110D75751B26CB620079273E /* Images.xcassets in Resources */ = {isa = PBXBuildFile; fileRef = 110D75741B26CB620079273E /* Images.xcassets */; };
		110D75781B26CB620079273E /* LaunchScreen.xib in Resources */ = {isa = PBXBuildFile; fileRef = 110D75761B26CB620079273E /* LaunchScreen.xib */; };
		1116E1291C10A458004288AB /* WebViewController.swift in Sources */ = {isa = PBXBuildFile; fileRef = 1116E1281C10A458004288AB /* WebViewController.swift */; };
		1137F0831B3F9A2A0068DE5C /* JoyrideViewController.swift in Sources */ = {isa = PBXBuildFile; fileRef = 1137F0821B3F9A2A0068DE5C /* JoyrideViewController.swift */; };
		1137F0851B3FB6FE0068DE5C /* SessionsTableViewController.swift in Sources */ = {isa = PBXBuildFile; fileRef = 1137F0841B3FB6FE0068DE5C /* SessionsTableViewController.swift */; };
		1137F0871B3FBA840068DE5C /* CallToActionViewController.swift in Sources */ = {isa = PBXBuildFile; fileRef = 1137F0861B3FBA840068DE5C /* CallToActionViewController.swift */; };
		1137F0891B408FA30068DE5C /* TimedMeditationViewController.swift in Sources */ = {isa = PBXBuildFile; fileRef = 1137F0881B408FA30068DE5C /* TimedMeditationViewController.swift */; };
		1137F08C1B4092A10068DE5C /* TimerView.swift in Sources */ = {isa = PBXBuildFile; fileRef = 1137F08B1B4092A10068DE5C /* TimerView.swift */; };
		113D99F01BC5A9C900DA11BF /* payload.json in Resources */ = {isa = PBXBuildFile; fileRef = 113D99EF1BC5A9C900DA11BF /* payload.json */; };
		1174C7EA1B9A0DB70070DE0C /* SessionTableViewCell.swift in Sources */ = {isa = PBXBuildFile; fileRef = 1174C7E91B9A0DB70070DE0C /* SessionTableViewCell.swift */; };
		1174C7EC1B9A0E2C0070DE0C /* AudioSession.swift in Sources */ = {isa = PBXBuildFile; fileRef = 1174C7EB1B9A0E2C0070DE0C /* AudioSession.swift */; };
		1174C7F01B9A10E50070DE0C /* HttpUtil.swift in Sources */ = {isa = PBXBuildFile; fileRef = 1174C7EF1B9A10E50070DE0C /* HttpUtil.swift */; };
		1174C7F21B9A11190070DE0C /* Util.swift in Sources */ = {isa = PBXBuildFile; fileRef = 1174C7F11B9A11190070DE0C /* Util.swift */; };
		1174C7F41B9A18F50070DE0C /* API.swift in Sources */ = {isa = PBXBuildFile; fileRef = 1174C7F31B9A18F50070DE0C /* API.swift */; };
		1174C7F61B9A287F0070DE0C /* Globals.swift in Sources */ = {isa = PBXBuildFile; fileRef = 1174C7F51B9A287F0070DE0C /* Globals.swift */; };
		1179A1221BD2BA46005CCE52 /* AudioPlaybackViewController.swift in Sources */ = {isa = PBXBuildFile; fileRef = 1179A1211BD2BA46005CCE52 /* AudioPlaybackViewController.swift */; };
		1179A1241BD2BBA6005CCE52 /* AVFoundation.framework in Frameworks */ = {isa = PBXBuildFile; fileRef = 1179A1231BD2BBA6005CCE52 /* AVFoundation.framework */; };
		119818441B2957650008FF75 /* SignUpViewController.swift in Sources */ = {isa = PBXBuildFile; fileRef = 119818431B2957650008FF75 /* SignUpViewController.swift */; };
		11A984821B50FCEB005DF3D4 /* PreSessionViewController.swift in Sources */ = {isa = PBXBuildFile; fileRef = 11A984811B50FCEB005DF3D4 /* PreSessionViewController.swift */; };
		11A984841B50FCFE005DF3D4 /* MeditationSettingsViewController.swift in Sources */ = {isa = PBXBuildFile; fileRef = 11A984831B50FCFE005DF3D4 /* MeditationSettingsViewController.swift */; };
		11A984861B50FEDC005DF3D4 /* MeditationSettings.swift in Sources */ = {isa = PBXBuildFile; fileRef = 11A984851B50FEDC005DF3D4 /* MeditationSettings.swift */; };
		11A984891B51E738005DF3D4 /* JournalViewController.swift in Sources */ = {isa = PBXBuildFile; fileRef = 11A984881B51E738005DF3D4 /* JournalViewController.swift */; };
		11A9848B1B51FE49005DF3D4 /* JournalsTableViewController.swift in Sources */ = {isa = PBXBuildFile; fileRef = 11A9848A1B51FE49005DF3D4 /* JournalsTableViewController.swift */; };
		11A9848D1B51FEA4005DF3D4 /* JournalsTableViewCell.swift in Sources */ = {isa = PBXBuildFile; fileRef = 11A9848C1B51FEA4005DF3D4 /* JournalsTableViewCell.swift */; };
		11A9848F1B520591005DF3D4 /* JournalsContainerViewController.swift in Sources */ = {isa = PBXBuildFile; fileRef = 11A9848E1B520591005DF3D4 /* JournalsContainerViewController.swift */; };
		11A984921B520901005DF3D4 /* JournalEntry.swift in Sources */ = {isa = PBXBuildFile; fileRef = 11A984911B520901005DF3D4 /* JournalEntry.swift */; };
		11A984941B52100C005DF3D4 /* DateUtil.swift in Sources */ = {isa = PBXBuildFile; fileRef = 11A984931B52100C005DF3D4 /* DateUtil.swift */; };
		11A984961B5225BE005DF3D4 /* DataContext.swift in Sources */ = {isa = PBXBuildFile; fileRef = 11A984951B5225BE005DF3D4 /* DataContext.swift */; };
		11BD2B2C1B33F6E100F2564B /* UIUtil.swift in Sources */ = {isa = PBXBuildFile; fileRef = 11BD2B2B1B33F6E100F2564B /* UIUtil.swift */; };
/* End PBXBuildFile section */

/* Begin PBXFileReference section */
		110D75681B26CB620079273E /* Hale Meditates.app */ = {isa = PBXFileReference; explicitFileType = wrapper.application; includeInIndex = 0; path = "Hale Meditates.app"; sourceTree = BUILT_PRODUCTS_DIR; };
		110D756C1B26CB620079273E /* Info.plist */ = {isa = PBXFileReference; lastKnownFileType = text.plist.xml; path = Info.plist; sourceTree = "<group>"; };
		110D756D1B26CB620079273E /* AppDelegate.swift */ = {isa = PBXFileReference; lastKnownFileType = sourcecode.swift; path = AppDelegate.swift; sourceTree = "<group>"; };
		110D756F1B26CB620079273E /* SignInViewController.swift */ = {isa = PBXFileReference; lastKnownFileType = sourcecode.swift; path = SignInViewController.swift; sourceTree = "<group>"; };
		110D75721B26CB620079273E /* Base */ = {isa = PBXFileReference; lastKnownFileType = file.storyboard; name = Base; path = Base.lproj/Main.storyboard; sourceTree = "<group>"; };
		110D75741B26CB620079273E /* Images.xcassets */ = {isa = PBXFileReference; lastKnownFileType = folder.assetcatalog; path = Images.xcassets; sourceTree = "<group>"; };
		110D75771B26CB620079273E /* Base */ = {isa = PBXFileReference; lastKnownFileType = file.xib; name = Base; path = Base.lproj/LaunchScreen.xib; sourceTree = "<group>"; };
		1116E1281C10A458004288AB /* WebViewController.swift */ = {isa = PBXFileReference; fileEncoding = 4; lastKnownFileType = sourcecode.swift; path = WebViewController.swift; sourceTree = "<group>"; };
		1137F0821B3F9A2A0068DE5C /* JoyrideViewController.swift */ = {isa = PBXFileReference; fileEncoding = 4; lastKnownFileType = sourcecode.swift; path = JoyrideViewController.swift; sourceTree = "<group>"; };
		1137F0841B3FB6FE0068DE5C /* SessionsTableViewController.swift */ = {isa = PBXFileReference; fileEncoding = 4; lastKnownFileType = sourcecode.swift; path = SessionsTableViewController.swift; sourceTree = "<group>"; };
		1137F0861B3FBA840068DE5C /* CallToActionViewController.swift */ = {isa = PBXFileReference; fileEncoding = 4; lastKnownFileType = sourcecode.swift; path = CallToActionViewController.swift; sourceTree = "<group>"; };
		1137F0881B408FA30068DE5C /* TimedMeditationViewController.swift */ = {isa = PBXFileReference; fileEncoding = 4; lastKnownFileType = sourcecode.swift; path = TimedMeditationViewController.swift; sourceTree = "<group>"; };
		1137F08B1B4092A10068DE5C /* TimerView.swift */ = {isa = PBXFileReference; fileEncoding = 4; lastKnownFileType = sourcecode.swift; path = TimerView.swift; sourceTree = "<group>"; };
		113D99EF1BC5A9C900DA11BF /* payload.json */ = {isa = PBXFileReference; fileEncoding = 4; lastKnownFileType = text.json; path = payload.json; sourceTree = "<group>"; };
		1174C7E91B9A0DB70070DE0C /* SessionTableViewCell.swift */ = {isa = PBXFileReference; fileEncoding = 4; lastKnownFileType = sourcecode.swift; path = SessionTableViewCell.swift; sourceTree = "<group>"; };
		1174C7EB1B9A0E2C0070DE0C /* AudioSession.swift */ = {isa = PBXFileReference; fileEncoding = 4; lastKnownFileType = sourcecode.swift; path = AudioSession.swift; sourceTree = "<group>"; };
		1174C7EF1B9A10E50070DE0C /* HttpUtil.swift */ = {isa = PBXFileReference; fileEncoding = 4; lastKnownFileType = sourcecode.swift; path = HttpUtil.swift; sourceTree = "<group>"; };
		1174C7F11B9A11190070DE0C /* Util.swift */ = {isa = PBXFileReference; fileEncoding = 4; lastKnownFileType = sourcecode.swift; path = Util.swift; sourceTree = "<group>"; };
		1174C7F31B9A18F50070DE0C /* API.swift */ = {isa = PBXFileReference; fileEncoding = 4; lastKnownFileType = sourcecode.swift; path = API.swift; sourceTree = "<group>"; };
		1174C7F51B9A287F0070DE0C /* Globals.swift */ = {isa = PBXFileReference; fileEncoding = 4; lastKnownFileType = sourcecode.swift; path = Globals.swift; sourceTree = "<group>"; };
		1179A1211BD2BA46005CCE52 /* AudioPlaybackViewController.swift */ = {isa = PBXFileReference; fileEncoding = 4; lastKnownFileType = sourcecode.swift; path = AudioPlaybackViewController.swift; sourceTree = "<group>"; };
		1179A1231BD2BBA6005CCE52 /* AVFoundation.framework */ = {isa = PBXFileReference; lastKnownFileType = wrapper.framework; name = AVFoundation.framework; path = System/Library/Frameworks/AVFoundation.framework; sourceTree = SDKROOT; };
		1179A1251BD2BE0C005CCE52 /* CoreMedia.framework */ = {isa = PBXFileReference; lastKnownFileType = wrapper.framework; name = CoreMedia.framework; path = System/Library/Frameworks/CoreMedia.framework; sourceTree = SDKROOT; };
		1179A1261BD2BE0C005CCE52 /* Foundation.framework */ = {isa = PBXFileReference; lastKnownFileType = wrapper.framework; name = Foundation.framework; path = System/Library/Frameworks/Foundation.framework; sourceTree = SDKROOT; };
		1179A1291BD2BE4C005CCE52 /* MediaPlayer.framework */ = {isa = PBXFileReference; lastKnownFileType = wrapper.framework; name = MediaPlayer.framework; path = System/Library/Frameworks/MediaPlayer.framework; sourceTree = SDKROOT; };
		1179A12B1BD2BFE9005CCE52 /* AssetsLibrary.framework */ = {isa = PBXFileReference; lastKnownFileType = wrapper.framework; name = AssetsLibrary.framework; path = System/Library/Frameworks/AssetsLibrary.framework; sourceTree = SDKROOT; };
		1179A12D1BD2C03E005CCE52 /* MobileCoreServices.framework */ = {isa = PBXFileReference; lastKnownFileType = wrapper.framework; name = MobileCoreServices.framework; path = System/Library/Frameworks/MobileCoreServices.framework; sourceTree = SDKROOT; };
		119818431B2957650008FF75 /* SignUpViewController.swift */ = {isa = PBXFileReference; fileEncoding = 4; lastKnownFileType = sourcecode.swift; path = SignUpViewController.swift; sourceTree = "<group>"; };
		11A984811B50FCEB005DF3D4 /* PreSessionViewController.swift */ = {isa = PBXFileReference; fileEncoding = 4; lastKnownFileType = sourcecode.swift; path = PreSessionViewController.swift; sourceTree = "<group>"; };
		11A984831B50FCFE005DF3D4 /* MeditationSettingsViewController.swift */ = {isa = PBXFileReference; fileEncoding = 4; lastKnownFileType = sourcecode.swift; path = MeditationSettingsViewController.swift; sourceTree = "<group>"; };
		11A984851B50FEDC005DF3D4 /* MeditationSettings.swift */ = {isa = PBXFileReference; fileEncoding = 4; lastKnownFileType = sourcecode.swift; path = MeditationSettings.swift; sourceTree = "<group>"; };
		11A984881B51E738005DF3D4 /* JournalViewController.swift */ = {isa = PBXFileReference; fileEncoding = 4; lastKnownFileType = sourcecode.swift; path = JournalViewController.swift; sourceTree = "<group>"; };
		11A9848A1B51FE49005DF3D4 /* JournalsTableViewController.swift */ = {isa = PBXFileReference; fileEncoding = 4; lastKnownFileType = sourcecode.swift; path = JournalsTableViewController.swift; sourceTree = "<group>"; };
		11A9848C1B51FEA4005DF3D4 /* JournalsTableViewCell.swift */ = {isa = PBXFileReference; fileEncoding = 4; lastKnownFileType = sourcecode.swift; path = JournalsTableViewCell.swift; sourceTree = "<group>"; };
		11A9848E1B520591005DF3D4 /* JournalsContainerViewController.swift */ = {isa = PBXFileReference; fileEncoding = 4; lastKnownFileType = sourcecode.swift; path = JournalsContainerViewController.swift; sourceTree = "<group>"; };
		11A984911B520901005DF3D4 /* JournalEntry.swift */ = {isa = PBXFileReference; fileEncoding = 4; lastKnownFileType = sourcecode.swift; path = JournalEntry.swift; sourceTree = "<group>"; };
		11A984931B52100C005DF3D4 /* DateUtil.swift */ = {isa = PBXFileReference; fileEncoding = 4; lastKnownFileType = sourcecode.swift; path = DateUtil.swift; sourceTree = "<group>"; };
		11A984951B5225BE005DF3D4 /* DataContext.swift */ = {isa = PBXFileReference; fileEncoding = 4; lastKnownFileType = sourcecode.swift; path = DataContext.swift; sourceTree = "<group>"; };
		11BD2B2B1B33F6E100F2564B /* UIUtil.swift */ = {isa = PBXFileReference; fileEncoding = 4; lastKnownFileType = sourcecode.swift; path = UIUtil.swift; sourceTree = "<group>"; };
		18C3776E01C97755587A0939 /* Pods.framework */ = {isa = PBXFileReference; explicitFileType = wrapper.framework; includeInIndex = 0; path = Pods.framework; sourceTree = BUILT_PRODUCTS_DIR; };
		407FB8B7DCDE784BC93E04E4 /* Pods.release.xcconfig */ = {isa = PBXFileReference; includeInIndex = 1; lastKnownFileType = text.xcconfig; name = Pods.release.xcconfig; path = "Pods/Target Support Files/Pods/Pods.release.xcconfig"; sourceTree = "<group>"; };
		D319D54D502CE40E27822F88 /* Pods.debug.xcconfig */ = {isa = PBXFileReference; includeInIndex = 1; lastKnownFileType = text.xcconfig; name = Pods.debug.xcconfig; path = "Pods/Target Support Files/Pods/Pods.debug.xcconfig"; sourceTree = "<group>"; };
/* End PBXFileReference section */

/* Begin PBXFrameworksBuildPhase section */
		110D75651B26CB620079273E /* Frameworks */ = {
			isa = PBXFrameworksBuildPhase;
			buildActionMask = 2147483647;
			files = (
				1179A1241BD2BBA6005CCE52 /* AVFoundation.framework in Frameworks */,
				0C1C6384F0E8FE812D6D8F88 /* Pods.framework in Frameworks */,
			);
			runOnlyForDeploymentPostprocessing = 0;
		};
/* End PBXFrameworksBuildPhase section */

/* Begin PBXGroup section */
		110D755F1B26CB620079273E = {
			isa = PBXGroup;
			children = (
				110D756A1B26CB620079273E /* Hale Meditates */,
				110D75691B26CB620079273E /* Products */,
				849186E8B7CCD13784FDFF64 /* Pods */,
				DB9C298DF887FB3A9C75D2B7 /* Frameworks */,
			);
			sourceTree = "<group>";
		};
		110D75691B26CB620079273E /* Products */ = {
			isa = PBXGroup;
			children = (
				110D75681B26CB620079273E /* Hale Meditates.app */,
			);
			name = Products;
			sourceTree = "<group>";
		};
		110D756A1B26CB620079273E /* Hale Meditates */ = {
			isa = PBXGroup;
			children = (
				11A984901B5208E0005DF3D4 /* Models */,
				1137F08A1B40928B0068DE5C /* Views */,
				1137F0801B3F99430068DE5C /* Controllers */,
				11A984971B5225CE005DF3D4 /* Classes */,
				110D75711B26CB620079273E /* Main.storyboard */,
				110D75741B26CB620079273E /* Images.xcassets */,
				110D75761B26CB620079273E /* LaunchScreen.xib */,
				110D756B1B26CB620079273E /* Supporting Files */,
			);
			path = "Hale Meditates";
			sourceTree = "<group>";
		};
		110D756B1B26CB620079273E /* Supporting Files */ = {
			isa = PBXGroup;
			children = (
				110D756C1B26CB620079273E /* Info.plist */,
				113D99EF1BC5A9C900DA11BF /* payload.json */,
			);
			name = "Supporting Files";
			sourceTree = "<group>";
		};
		1137F0801B3F99430068DE5C /* Controllers */ = {
			isa = PBXGroup;
			children = (
				110D756F1B26CB620079273E /* SignInViewController.swift */,
				119818431B2957650008FF75 /* SignUpViewController.swift */,
				1137F0821B3F9A2A0068DE5C /* JoyrideViewController.swift */,
				1137F0841B3FB6FE0068DE5C /* SessionsTableViewController.swift */,
				1137F0861B3FBA840068DE5C /* CallToActionViewController.swift */,
				1137F0881B408FA30068DE5C /* TimedMeditationViewController.swift */,
				11A984811B50FCEB005DF3D4 /* PreSessionViewController.swift */,
				11A984831B50FCFE005DF3D4 /* MeditationSettingsViewController.swift */,
				11A984881B51E738005DF3D4 /* JournalViewController.swift */,
				11A9848A1B51FE49005DF3D4 /* JournalsTableViewController.swift */,
				11A9848E1B520591005DF3D4 /* JournalsContainerViewController.swift */,
				1179A1211BD2BA46005CCE52 /* AudioPlaybackViewController.swift */,
				1116E1281C10A458004288AB /* WebViewController.swift */,
			);
			name = Controllers;
			sourceTree = "<group>";
		};
		1137F08A1B40928B0068DE5C /* Views */ = {
			isa = PBXGroup;
			children = (
				1137F08B1B4092A10068DE5C /* TimerView.swift */,
				11A9848C1B51FEA4005DF3D4 /* JournalsTableViewCell.swift */,
				1174C7E91B9A0DB70070DE0C /* SessionTableViewCell.swift */,
			);
			name = Views;
			sourceTree = "<group>";
		};
		11A984901B5208E0005DF3D4 /* Models */ = {
			isa = PBXGroup;
			children = (
				11A984851B50FEDC005DF3D4 /* MeditationSettings.swift */,
				11A984911B520901005DF3D4 /* JournalEntry.swift */,
				1174C7EB1B9A0E2C0070DE0C /* AudioSession.swift */,
			);
			name = Models;
			sourceTree = "<group>";
		};
		11A984971B5225CE005DF3D4 /* Classes */ = {
			isa = PBXGroup;
			children = (
				110D756D1B26CB620079273E /* AppDelegate.swift */,
				11BD2B2B1B33F6E100F2564B /* UIUtil.swift */,
				11A984931B52100C005DF3D4 /* DateUtil.swift */,
				11A984951B5225BE005DF3D4 /* DataContext.swift */,
				1174C7EF1B9A10E50070DE0C /* HttpUtil.swift */,
				1174C7F11B9A11190070DE0C /* Util.swift */,
				1174C7F31B9A18F50070DE0C /* API.swift */,
				1174C7F51B9A287F0070DE0C /* Globals.swift */,
			);
			name = Classes;
			sourceTree = "<group>";
		};
		849186E8B7CCD13784FDFF64 /* Pods */ = {
			isa = PBXGroup;
			children = (
				D319D54D502CE40E27822F88 /* Pods.debug.xcconfig */,
				407FB8B7DCDE784BC93E04E4 /* Pods.release.xcconfig */,
			);
			name = Pods;
			sourceTree = "<group>";
		};
		DB9C298DF887FB3A9C75D2B7 /* Frameworks */ = {
			isa = PBXGroup;
			children = (
				1179A12D1BD2C03E005CCE52 /* MobileCoreServices.framework */,
				1179A12B1BD2BFE9005CCE52 /* AssetsLibrary.framework */,
				1179A1291BD2BE4C005CCE52 /* MediaPlayer.framework */,
				1179A1251BD2BE0C005CCE52 /* CoreMedia.framework */,
				1179A1261BD2BE0C005CCE52 /* Foundation.framework */,
				1179A1231BD2BBA6005CCE52 /* AVFoundation.framework */,
				18C3776E01C97755587A0939 /* Pods.framework */,
			);
			name = Frameworks;
			sourceTree = "<group>";
		};
/* End PBXGroup section */

/* Begin PBXNativeTarget section */
		110D75671B26CB620079273E /* Hale Meditates */ = {
			isa = PBXNativeTarget;
			buildConfigurationList = 110D75871B26CB620079273E /* Build configuration list for PBXNativeTarget "Hale Meditates" */;
			buildPhases = (
				3C7DE3C26A4D91DD0CEA83E2 /* Check Pods Manifest.lock */,
				110D75641B26CB620079273E /* Sources */,
				110D75651B26CB620079273E /* Frameworks */,
				110D75661B26CB620079273E /* Resources */,
				317F0261998606D87CDD60B0 /* Embed Pods Frameworks */,
				3A2DEEDABF780EEA93737F91 /* Copy Pods Resources */,
			);
			buildRules = (
			);
			dependencies = (
			);
			name = "Hale Meditates";
			productName = "Hale Meditates";
			productReference = 110D75681B26CB620079273E /* Hale Meditates.app */;
			productType = "com.apple.product-type.application";
		};
/* End PBXNativeTarget section */

/* Begin PBXProject section */
		110D75601B26CB620079273E /* Project object */ = {
			isa = PBXProject;
			attributes = {
				LastSwiftMigration = 0700;
				LastSwiftUpdateCheck = 0700;
				LastUpgradeCheck = 0700;
				ORGANIZATIONNAME = koait;
				TargetAttributes = {
					110D75671B26CB620079273E = {
						CreatedOnToolsVersion = 6.3.2;
						DevelopmentTeam = 239WD2J98X;
					};
				};
			};
			buildConfigurationList = 110D75631B26CB620079273E /* Build configuration list for PBXProject "Hale Meditates" */;
			compatibilityVersion = "Xcode 3.2";
			developmentRegion = English;
			hasScannedForEncodings = 0;
			knownRegions = (
				en,
				Base,
			);
			mainGroup = 110D755F1B26CB620079273E;
			productRefGroup = 110D75691B26CB620079273E /* Products */;
			projectDirPath = "";
			projectRoot = "";
			targets = (
				110D75671B26CB620079273E /* Hale Meditates */,
			);
		};
/* End PBXProject section */

/* Begin PBXResourcesBuildPhase section */
		110D75661B26CB620079273E /* Resources */ = {
			isa = PBXResourcesBuildPhase;
			buildActionMask = 2147483647;
			files = (
				110D75731B26CB620079273E /* Main.storyboard in Resources */,
				110D75781B26CB620079273E /* LaunchScreen.xib in Resources */,
				113D99F01BC5A9C900DA11BF /* payload.json in Resources */,
				110D75751B26CB620079273E /* Images.xcassets in Resources */,
			);
			runOnlyForDeploymentPostprocessing = 0;
		};
/* End PBXResourcesBuildPhase section */

/* Begin PBXShellScriptBuildPhase section */
		317F0261998606D87CDD60B0 /* Embed Pods Frameworks */ = {
			isa = PBXShellScriptBuildPhase;
			buildActionMask = 2147483647;
			files = (
			);
			inputPaths = (
			);
			name = "Embed Pods Frameworks";
			outputPaths = (
			);
			runOnlyForDeploymentPostprocessing = 0;
			shellPath = /bin/sh;
			shellScript = "\"${SRCROOT}/Pods/Target Support Files/Pods/Pods-frameworks.sh\"\n";
			showEnvVarsInLog = 0;
		};
		3A2DEEDABF780EEA93737F91 /* Copy Pods Resources */ = {
			isa = PBXShellScriptBuildPhase;
			buildActionMask = 2147483647;
			files = (
			);
			inputPaths = (
			);
			name = "Copy Pods Resources";
			outputPaths = (
			);
			runOnlyForDeploymentPostprocessing = 0;
			shellPath = /bin/sh;
			shellScript = "\"${SRCROOT}/Pods/Target Support Files/Pods/Pods-resources.sh\"\n";
			showEnvVarsInLog = 0;
		};
		3C7DE3C26A4D91DD0CEA83E2 /* Check Pods Manifest.lock */ = {
			isa = PBXShellScriptBuildPhase;
			buildActionMask = 2147483647;
			files = (
			);
			inputPaths = (
			);
			name = "Check Pods Manifest.lock";
			outputPaths = (
			);
			runOnlyForDeploymentPostprocessing = 0;
			shellPath = /bin/sh;
			shellScript = "diff \"${PODS_ROOT}/../Podfile.lock\" \"${PODS_ROOT}/Manifest.lock\" > /dev/null\nif [[ $? != 0 ]] ; then\n    cat << EOM\nerror: The sandbox is not in sync with the Podfile.lock. Run 'pod install' or update your CocoaPods installation.\nEOM\n    exit 1\nfi\n";
			showEnvVarsInLog = 0;
		};
/* End PBXShellScriptBuildPhase section */

/* Begin PBXSourcesBuildPhase section */
		110D75641B26CB620079273E /* Sources */ = {
			isa = PBXSourcesBuildPhase;
			buildActionMask = 2147483647;
			files = (
				11A9848F1B520591005DF3D4 /* JournalsContainerViewController.swift in Sources */,
				1116E1291C10A458004288AB /* WebViewController.swift in Sources */,
				11A984821B50FCEB005DF3D4 /* PreSessionViewController.swift in Sources */,
				1137F08C1B4092A10068DE5C /* TimerView.swift in Sources */,
				119818441B2957650008FF75 /* SignUpViewController.swift in Sources */,
				1137F0871B3FBA840068DE5C /* CallToActionViewController.swift in Sources */,
				110D75701B26CB620079273E /* SignInViewController.swift in Sources */,
				11A984841B50FCFE005DF3D4 /* MeditationSettingsViewController.swift in Sources */,
				1137F0851B3FB6FE0068DE5C /* SessionsTableViewController.swift in Sources */,
				11A984921B520901005DF3D4 /* JournalEntry.swift in Sources */,
				11A9848D1B51FEA4005DF3D4 /* JournalsTableViewCell.swift in Sources */,
				11A9848B1B51FE49005DF3D4 /* JournalsTableViewController.swift in Sources */,
				110D756E1B26CB620079273E /* AppDelegate.swift in Sources */,
				1174C7EA1B9A0DB70070DE0C /* SessionTableViewCell.swift in Sources */,
				1174C7F61B9A287F0070DE0C /* Globals.swift in Sources */,
				1137F0831B3F9A2A0068DE5C /* JoyrideViewController.swift in Sources */,
				1174C7F21B9A11190070DE0C /* Util.swift in Sources */,
				11A984961B5225BE005DF3D4 /* DataContext.swift in Sources */,
				1174C7F01B9A10E50070DE0C /* HttpUtil.swift in Sources */,
				1137F0891B408FA30068DE5C /* TimedMeditationViewController.swift in Sources */,
				11A984861B50FEDC005DF3D4 /* MeditationSettings.swift in Sources */,
				1179A1221BD2BA46005CCE52 /* AudioPlaybackViewController.swift in Sources */,
				11A984941B52100C005DF3D4 /* DateUtil.swift in Sources */,
				11A984891B51E738005DF3D4 /* JournalViewController.swift in Sources */,
				11BD2B2C1B33F6E100F2564B /* UIUtil.swift in Sources */,
				1174C7F41B9A18F50070DE0C /* API.swift in Sources */,
				1174C7EC1B9A0E2C0070DE0C /* AudioSession.swift in Sources */,
			);
			runOnlyForDeploymentPostprocessing = 0;
		};
/* End PBXSourcesBuildPhase section */

/* Begin PBXVariantGroup section */
		110D75711B26CB620079273E /* Main.storyboard */ = {
			isa = PBXVariantGroup;
			children = (
				110D75721B26CB620079273E /* Base */,
			);
			name = Main.storyboard;
			sourceTree = "<group>";
		};
		110D75761B26CB620079273E /* LaunchScreen.xib */ = {
			isa = PBXVariantGroup;
			children = (
				110D75771B26CB620079273E /* Base */,
			);
			name = LaunchScreen.xib;
			sourceTree = "<group>";
		};
/* End PBXVariantGroup section */

/* Begin XCBuildConfiguration section */
		110D75851B26CB620079273E /* Debug */ = {
			isa = XCBuildConfiguration;
			buildSettings = {
				ALWAYS_SEARCH_USER_PATHS = NO;
				CLANG_CXX_LANGUAGE_STANDARD = "gnu++0x";
				CLANG_CXX_LIBRARY = "libc++";
				CLANG_ENABLE_MODULES = YES;
				CLANG_ENABLE_OBJC_ARC = YES;
				CLANG_WARN_BOOL_CONVERSION = YES;
				CLANG_WARN_CONSTANT_CONVERSION = YES;
				CLANG_WARN_DIRECT_OBJC_ISA_USAGE = YES_ERROR;
				CLANG_WARN_EMPTY_BODY = YES;
				CLANG_WARN_ENUM_CONVERSION = YES;
				CLANG_WARN_INT_CONVERSION = YES;
				CLANG_WARN_OBJC_ROOT_CLASS = YES_ERROR;
				CLANG_WARN_UNREACHABLE_CODE = YES;
				CLANG_WARN__DUPLICATE_METHOD_MATCH = YES;
				"CODE_SIGN_IDENTITY[sdk=iphoneos*]" = "iPhone Developer";
				COPY_PHASE_STRIP = NO;
				DEBUG_INFORMATION_FORMAT = "dwarf-with-dsym";
				ENABLE_STRICT_OBJC_MSGSEND = YES;
				ENABLE_TESTABILITY = YES;
				GCC_C_LANGUAGE_STANDARD = gnu99;
				GCC_DYNAMIC_NO_PIC = NO;
				GCC_NO_COMMON_BLOCKS = YES;
				GCC_OPTIMIZATION_LEVEL = 0;
				GCC_PREPROCESSOR_DEFINITIONS = (
					"DEBUG=1",
					"$(inherited)",
				);
				GCC_SYMBOLS_PRIVATE_EXTERN = NO;
				GCC_WARN_64_TO_32_BIT_CONVERSION = YES;
				GCC_WARN_ABOUT_RETURN_TYPE = YES_ERROR;
				GCC_WARN_UNDECLARED_SELECTOR = YES;
				GCC_WARN_UNINITIALIZED_AUTOS = YES_AGGRESSIVE;
				GCC_WARN_UNUSED_FUNCTION = YES;
				GCC_WARN_UNUSED_VARIABLE = YES;
				IPHONEOS_DEPLOYMENT_TARGET = 9.0;
				MTL_ENABLE_DEBUG_INFO = YES;
				ONLY_ACTIVE_ARCH = YES;
				SDKROOT = iphoneos;
				SWIFT_OPTIMIZATION_LEVEL = "-Onone";
			};
			name = Debug;
		};
		110D75861B26CB620079273E /* Release */ = {
			isa = XCBuildConfiguration;
			buildSettings = {
				ALWAYS_SEARCH_USER_PATHS = NO;
				CLANG_CXX_LANGUAGE_STANDARD = "gnu++0x";
				CLANG_CXX_LIBRARY = "libc++";
				CLANG_ENABLE_MODULES = YES;
				CLANG_ENABLE_OBJC_ARC = YES;
				CLANG_WARN_BOOL_CONVERSION = YES;
				CLANG_WARN_CONSTANT_CONVERSION = YES;
				CLANG_WARN_DIRECT_OBJC_ISA_USAGE = YES_ERROR;
				CLANG_WARN_EMPTY_BODY = YES;
				CLANG_WARN_ENUM_CONVERSION = YES;
				CLANG_WARN_INT_CONVERSION = YES;
				CLANG_WARN_OBJC_ROOT_CLASS = YES_ERROR;
				CLANG_WARN_UNREACHABLE_CODE = YES;
				CLANG_WARN__DUPLICATE_METHOD_MATCH = YES;
				"CODE_SIGN_IDENTITY[sdk=iphoneos*]" = "iPhone Developer";
				COPY_PHASE_STRIP = NO;
				DEBUG_INFORMATION_FORMAT = "dwarf-with-dsym";
				ENABLE_NS_ASSERTIONS = NO;
				ENABLE_STRICT_OBJC_MSGSEND = YES;
				GCC_C_LANGUAGE_STANDARD = gnu99;
				GCC_NO_COMMON_BLOCKS = YES;
				GCC_WARN_64_TO_32_BIT_CONVERSION = YES;
				GCC_WARN_ABOUT_RETURN_TYPE = YES_ERROR;
				GCC_WARN_UNDECLARED_SELECTOR = YES;
				GCC_WARN_UNINITIALIZED_AUTOS = YES_AGGRESSIVE;
				GCC_WARN_UNUSED_FUNCTION = YES;
				GCC_WARN_UNUSED_VARIABLE = YES;
				IPHONEOS_DEPLOYMENT_TARGET = 9.0;
				MTL_ENABLE_DEBUG_INFO = NO;
				SDKROOT = iphoneos;
				VALIDATE_PRODUCT = YES;
			};
			name = Release;
		};
		110D75881B26CB620079273E /* Debug */ = {
			isa = XCBuildConfiguration;
			baseConfigurationReference = D319D54D502CE40E27822F88 /* Pods.debug.xcconfig */;
			buildSettings = {
				ASSETCATALOG_COMPILER_APPICON_NAME = AppIcon;
				CODE_SIGN_IDENTITY = "iPhone Developer";
				"CODE_SIGN_IDENTITY[sdk=iphoneos*]" = "iPhone Developer";
				INFOPLIST_FILE = "Hale Meditates/Info.plist";
				LD_RUNPATH_SEARCH_PATHS = "$(inherited) @executable_path/Frameworks";
				PRODUCT_BUNDLE_IDENTIFIER = ".$(PRODUCT_NAME:rfc1034identifier)";
				PRODUCT_NAME = "$(TARGET_NAME)";
				PROVISIONING_PROFILE = "";
			};
			name = Debug;
		};
		110D75891B26CB620079273E /* Release */ = {
			isa = XCBuildConfiguration;
			baseConfigurationReference = 407FB8B7DCDE784BC93E04E4 /* Pods.release.xcconfig */;
			buildSettings = {
				ASSETCATALOG_COMPILER_APPICON_NAME = AppIcon;
				CODE_SIGN_IDENTITY = "iPhone Developer";
				"CODE_SIGN_IDENTITY[sdk=iphoneos*]" = "iPhone Developer";
				INFOPLIST_FILE = "Hale Meditates/Info.plist";
				LD_RUNPATH_SEARCH_PATHS = "$(inherited) @executable_path/Frameworks";
				PRODUCT_BUNDLE_IDENTIFIER = ".$(PRODUCT_NAME:rfc1034identifier)";
				PRODUCT_NAME = "$(TARGET_NAME)";
				PROVISIONING_PROFILE = "";
			};
			name = Release;
		};
/* End XCBuildConfiguration section */

/* Begin XCConfigurationList section */
		110D75631B26CB620079273E /* Build configuration list for PBXProject "Hale Meditates" */ = {
			isa = XCConfigurationList;
			buildConfigurations = (
				110D75851B26CB620079273E /* Debug */,
				110D75861B26CB620079273E /* Release */,
			);
			defaultConfigurationIsVisible = 0;
			defaultConfigurationName = Release;
		};
		110D75871B26CB620079273E /* Build configuration list for PBXNativeTarget "Hale Meditates" */ = {
			isa = XCConfigurationList;
			buildConfigurations = (
				110D75881B26CB620079273E /* Debug */,
				110D75891B26CB620079273E /* Release */,
			);
			defaultConfigurationIsVisible = 0;
			defaultConfigurationName = Release;
		};
/* End XCConfigurationList section */
	};
	rootObject = 110D75601B26CB620079273E /* Project object */;
}
